
Microsoft Visual Studio Solution File, Format Version 12.00
# Visual Studio Version 17
VisualStudioVersion = 17.7.34221.43
MinimumVisualStudioVersion = 10.0.40219.1
Project("{FAE04EC0-301F-11D3-BF4B-00C04F79EFBC}") = "myapp", "myapp\myapp.csproj", "{CC5AC037-1648-4557-948B-DE90F3EBEB96}"
EndProject
Global
	GlobalSection(SolutionConfigurationPlatforms) = preSolution
		Debug|Any CPU = Debug|Any CPU
		Release|Any CPU = Release|Any CPU
	EndGlobalSection
	GlobalSection(ProjectConfigurationPlatforms) = postSolution
		{CC5AC037-1648-4557-948B-DE90F3EBEB96}.Debug|Any CPU.ActiveCfg = Debug|Any CPU
		{CC5AC037-1648-4557-948B-DE90F3EBEB96}.Debug|Any CPU.Build.0 = Debug|Any CPU
		{CC5AC037-1648-4557-948B-DE90F3EBEB96}.Release|Any CPU.ActiveCfg = Release|Any CPU
		{CC5AC037-1648-4557-948B-DE90F3EBEB96}.Release|Any CPU.Build.0 = Release|Any CPU
	EndGlobalSection
	GlobalSection(SolutionProperties) = preSolution
		HideSolutionNode = FALSE
	EndGlobalSection
	GlobalSection(ExtensibilityGlobals) = postSolution
		SolutionGuid = {9B5C9E66-0AA9-4299-857D-CF551E371952}
	EndGlobalSection
EndGlobal
